
Microsoft Visual Studio Solution File, Format Version 12.00
# Visual Studio 15
VisualStudioVersion = 15.0.28307.421
MinimumVisualStudioVersion = 10.0.40219.1
Project("{8BC9CEB8-8B4A-11D0-8D11-00A0C91BC942}") = "Pair_Programming", "Pair_Programming\Pair_Programming.vcxproj", "{D9EBBED6-EFE4-4C17-8556-2674106BBD05}"
EndProject
Project("{8BC9CEB8-8B4A-11D0-8D11-00A0C91BC942}") = "InputTest", "InputTest\InputTest.vcxproj", "{DFA52C61-6864-4817-B84A-CB79B6198C07}"
EndProject
Global
	GlobalSection(SolutionConfigurationPlatforms) = preSolution
		Debug|x64 = Debug|x64
		Debug|x86 = Debug|x86
		Release|x64 = Release|x64
		Release|x86 = Release|x86
	EndGlobalSection
	GlobalSection(ProjectConfigurationPlatforms) = postSolution
		{D9EBBED6-EFE4-4C17-8556-2674106BBD05}.Debug|x64.ActiveCfg = Debug|x64
		{D9EBBED6-EFE4-4C17-8556-2674106BBD05}.Debug|x64.Build.0 = Debug|x64
		{D9EBBED6-EFE4-4C17-8556-2674106BBD05}.Debug|x86.ActiveCfg = Debug|Win32
		{D9EBBED6-EFE4-4C17-8556-2674106BBD05}.Debug|x86.Build.0 = Debug|Win32
		{D9EBBED6-EFE4-4C17-8556-2674106BBD05}.Release|x64.ActiveCfg = Release|x64
		{D9EBBED6-EFE4-4C17-8556-2674106BBD05}.Release|x64.Build.0 = Release|x64
		{D9EBBED6-EFE4-4C17-8556-2674106BBD05}.Release|x86.ActiveCfg = Release|Win32
		{D9EBBED6-EFE4-4C17-8556-2674106BBD05}.Release|x86.Build.0 = Release|Win32
		{DFA52C61-6864-4817-B84A-CB79B6198C07}.Debug|x64.ActiveCfg = Debug|x64
		{DFA52C61-6864-4817-B84A-CB79B6198C07}.Debug|x64.Build.0 = Debug|x64
		{DFA52C61-6864-4817-B84A-CB79B6198C07}.Debug|x86.ActiveCfg = Debug|Win32
		{DFA52C61-6864-4817-B84A-CB79B6198C07}.Debug|x86.Build.0 = Debug|Win32
		{DFA52C61-6864-4817-B84A-CB79B6198C07}.Release|x64.ActiveCfg = Release|x64
		{DFA52C61-6864-4817-B84A-CB79B6198C07}.Release|x64.Build.0 = Release|x64
		{DFA52C61-6864-4817-B84A-CB79B6198C07}.Release|x86.ActiveCfg = Release|Win32
		{DFA52C61-6864-4817-B84A-CB79B6198C07}.Release|x86.Build.0 = Release|Win32
	EndGlobalSection
	GlobalSection(SolutionProperties) = preSolution
		HideSolutionNode = FALSE
	EndGlobalSection
	GlobalSection(ExtensibilityGlobals) = postSolution
		SolutionGuid = {D4B6C813-C109-4560-854F-550632571FDA}
	EndGlobalSection
EndGlobal
